# This file is automatically @generated by Cargo.
# It is not intended for manual editing.
version = 4

[[package]]
name = "harness-cli"
version = "0.0.0"
dependencies = [
 "harness-core",
]

[[package]]
name = "harness-core"
version = "0.0.0"

[[package]]
name = "harness-test-support"
version = "0.0.0"
